
Microsoft Visual Studio Solution File, Format Version 12.00
# Visual Studio Version 17
VisualStudioVersion = 17.11.35222.181
MinimumVisualStudioVersion = 10.0.40219.1
Project("{FAE04EC0-301F-11D3-BF4B-00C04F79EFBC}") = "AccesoADatos", "..\AccesoADatos\AccesoADatos.csproj", "{8F51CD0E-C5C5-41AE-BBF2-3AA2DE6F1587}"
EndProject
Project("{FAE04EC0-301F-11D3-BF4B-00C04F79EFBC}") = "PruebaAccesoADatos", "PruebaAccesoADatos\PruebaAccesoADatos.csproj", "{DF86A2B5-7BF8-43BF-A037-B54BCC018F43}"
EndProject
Project("{FAE04EC0-301F-11D3-BF4B-00C04F79EFBC}") = "ServicioJuegoPassword", "ServicioJuegoPassword\ServicioJuegoPassword.csproj", "{74A19988-CFF9-4AB1-B1E3-D138E19BFDFB}"
EndProject
Project("{FAE04EC0-301F-11D3-BF4B-00C04F79EFBC}") = "Anfitrion", "Anfitrion\Anfitrion.csproj", "{7BEE3076-03CC-4A38-814D-2844C734B241}"
EndProject
Project("{FAE04EC0-301F-11D3-BF4B-00C04F79EFBC}") = "PruebaServicioJuegoPassword", "PruebaServicioJuegoPassword\PruebaServicioJuegoPassword.csproj", "{F97330D3-7C2C-4AB4-A892-20072B507354}"
EndProject
Global
	GlobalSection(SolutionConfigurationPlatforms) = preSolution
		Debug|Any CPU = Debug|Any CPU
		Release|Any CPU = Release|Any CPU
	EndGlobalSection
	GlobalSection(ProjectConfigurationPlatforms) = postSolution
		{8F51CD0E-C5C5-41AE-BBF2-3AA2DE6F1587}.Debug|Any CPU.ActiveCfg = Debug|Any CPU
		{8F51CD0E-C5C5-41AE-BBF2-3AA2DE6F1587}.Debug|Any CPU.Build.0 = Debug|Any CPU
		{8F51CD0E-C5C5-41AE-BBF2-3AA2DE6F1587}.Release|Any CPU.ActiveCfg = Release|Any CPU
		{8F51CD0E-C5C5-41AE-BBF2-3AA2DE6F1587}.Release|Any CPU.Build.0 = Release|Any CPU
		{DF86A2B5-7BF8-43BF-A037-B54BCC018F43}.Debug|Any CPU.ActiveCfg = Debug|Any CPU
		{DF86A2B5-7BF8-43BF-A037-B54BCC018F43}.Debug|Any CPU.Build.0 = Debug|Any CPU
		{DF86A2B5-7BF8-43BF-A037-B54BCC018F43}.Release|Any CPU.ActiveCfg = Release|Any CPU
		{DF86A2B5-7BF8-43BF-A037-B54BCC018F43}.Release|Any CPU.Build.0 = Release|Any CPU
		{74A19988-CFF9-4AB1-B1E3-D138E19BFDFB}.Debug|Any CPU.ActiveCfg = Debug|Any CPU
		{74A19988-CFF9-4AB1-B1E3-D138E19BFDFB}.Debug|Any CPU.Build.0 = Debug|Any CPU
		{74A19988-CFF9-4AB1-B1E3-D138E19BFDFB}.Release|Any CPU.ActiveCfg = Release|Any CPU
		{74A19988-CFF9-4AB1-B1E3-D138E19BFDFB}.Release|Any CPU.Build.0 = Release|Any CPU
		{7BEE3076-03CC-4A38-814D-2844C734B241}.Debug|Any CPU.ActiveCfg = Debug|Any CPU
		{7BEE3076-03CC-4A38-814D-2844C734B241}.Debug|Any CPU.Build.0 = Debug|Any CPU
		{7BEE3076-03CC-4A38-814D-2844C734B241}.Release|Any CPU.ActiveCfg = Release|Any CPU
		{7BEE3076-03CC-4A38-814D-2844C734B241}.Release|Any CPU.Build.0 = Release|Any CPU
		{F97330D3-7C2C-4AB4-A892-20072B507354}.Debug|Any CPU.ActiveCfg = Debug|Any CPU
		{F97330D3-7C2C-4AB4-A892-20072B507354}.Debug|Any CPU.Build.0 = Debug|Any CPU
		{F97330D3-7C2C-4AB4-A892-20072B507354}.Release|Any CPU.ActiveCfg = Release|Any CPU
		{F97330D3-7C2C-4AB4-A892-20072B507354}.Release|Any CPU.Build.0 = Release|Any CPU
	EndGlobalSection
	GlobalSection(SolutionProperties) = preSolution
		HideSolutionNode = FALSE
	EndGlobalSection
	GlobalSection(ExtensibilityGlobals) = postSolution
		SolutionGuid = {A4D1856C-8189-4E30-ADDE-9F92507C2B4E}
	EndGlobalSection
EndGlobal
